
Microsoft Visual Studio Solution File, Format Version 12.00
Project("{FAE04EC0-301F-11D3-BF4B-00C04F79EFBC}") = "Baseapp.PediLogger", "Baseapp.PediLogger\Baseapp.PediLogger.csproj", "{CAB91A18-A4FD-4938-87CD-9F512F7A2BA8}"
EndProject
Global
	GlobalSection(SolutionConfigurationPlatforms) = preSolution
		Debug|Any CPU = Debug|Any CPU
		Release|Any CPU = Release|Any CPU
	EndGlobalSection
	GlobalSection(ProjectConfigurationPlatforms) = postSolution
		{CAB91A18-A4FD-4938-87CD-9F512F7A2BA8}.Debug|Any CPU.ActiveCfg = Debug|Any CPU
		{CAB91A18-A4FD-4938-87CD-9F512F7A2BA8}.Debug|Any CPU.Build.0 = Debug|Any CPU
		{CAB91A18-A4FD-4938-87CD-9F512F7A2BA8}.Release|Any CPU.ActiveCfg = Release|Any CPU
		{CAB91A18-A4FD-4938-87CD-9F512F7A2BA8}.Release|Any CPU.Build.0 = Release|Any CPU
	EndGlobalSection
EndGlobal
